// !$*UTF8*$!
{
	archiveVersion = 1;
	classes = {
	};
	objectVersion = 50;
	objects = {

/* Begin PBXBuildFile section */
		0E39CD9A22A57E8900475249 /* main.swift in Sources */ = {isa = PBXBuildFile; fileRef = 0E39CD9922A57E8900475249 /* main.swift */; };
		0E39CDA222A5869E00475249 /* Map.swift in Sources */ = {isa = PBXBuildFile; fileRef = 0E39CDA122A5869E00475249 /* Map.swift */; };
		0E39CDA522A5899700475249 /* HashMap.swift in Sources */ = {isa = PBXBuildFile; fileRef = 0E39CDA422A5899700475249 /* HashMap.swift */; };
		0E39CDAD22A58A1300475249 /* HashMapTests.swift in Sources */ = {isa = PBXBuildFile; fileRef = 0E39CDAC22A58A1300475249 /* HashMapTests.swift */; };
		0E39CDB222A58A2E00475249 /* HashMap.swift in Sources */ = {isa = PBXBuildFile; fileRef = 0E39CDA422A5899700475249 /* HashMap.swift */; };
		0E39CDB322A58A3200475249 /* Map.swift in Sources */ = {isa = PBXBuildFile; fileRef = 0E39CDA122A5869E00475249 /* Map.swift */; };
		0E39CDB522A58B5400475249 /* Person.swift in Sources */ = {isa = PBXBuildFile; fileRef = 0E39CDB422A58B5400475249 /* Person.swift */; };
		0E39CDB622A58BAE00475249 /* Person.swift in Sources */ = {isa = PBXBuildFile; fileRef = 0E39CDB422A58B5400475249 /* Person.swift */; };
		0E39CDB922A58BDF00475249 /* Country.swift in Sources */ = {isa = PBXBuildFile; fileRef = 0E39CDB822A58BDF00475249 /* Country.swift */; };
		0E39CDBA22A58C8600475249 /* Country.swift in Sources */ = {isa = PBXBuildFile; fileRef = 0E39CDB822A58BDF00475249 /* Country.swift */; };
/* End PBXBuildFile section */

/* Begin PBXCopyFilesBuildPhase section */
		0E39CD9422A57E8900475249 /* CopyFiles */ = {
			isa = PBXCopyFilesBuildPhase;
			buildActionMask = 2147483647;
			dstPath = /usr/share/man/man1/;
			dstSubfolderSpec = 0;
			files = (
			);
			runOnlyForDeploymentPostprocessing = 1;
		};
/* End PBXCopyFilesBuildPhase section */

/* Begin PBXFileReference section */
		0E39CD9622A57E8900475249 /* CS09 */ = {isa = PBXFileReference; explicitFileType = "compiled.mach-o.executable"; includeInIndex = 0; path = CS09; sourceTree = BUILT_PRODUCTS_DIR; };
		0E39CD9922A57E8900475249 /* main.swift */ = {isa = PBXFileReference; lastKnownFileType = sourcecode.swift; path = main.swift; sourceTree = "<group>"; };
		0E39CDA122A5869E00475249 /* Map.swift */ = {isa = PBXFileReference; lastKnownFileType = sourcecode.swift; path = Map.swift; sourceTree = "<group>"; };
		0E39CDA422A5899700475249 /* HashMap.swift */ = {isa = PBXFileReference; lastKnownFileType = sourcecode.swift; path = HashMap.swift; sourceTree = "<group>"; };
		0E39CDAA22A58A1300475249 /* CS02Tests.xctest */ = {isa = PBXFileReference; explicitFileType = wrapper.cfbundle; includeInIndex = 0; path = CS02Tests.xctest; sourceTree = BUILT_PRODUCTS_DIR; };
		0E39CDAC22A58A1300475249 /* HashMapTests.swift */ = {isa = PBXFileReference; lastKnownFileType = sourcecode.swift; path = HashMapTests.swift; sourceTree = "<group>"; };
		0E39CDAE22A58A1300475249 /* Info.plist */ = {isa = PBXFileReference; lastKnownFileType = text.plist.xml; path = Info.plist; sourceTree = "<group>"; };
		0E39CDB422A58B5400475249 /* Person.swift */ = {isa = PBXFileReference; lastKnownFileType = sourcecode.swift; path = Person.swift; sourceTree = "<group>"; };
		0E39CDB822A58BDF00475249 /* Country.swift */ = {isa = PBXFileReference; lastKnownFileType = sourcecode.swift; path = Country.swift; sourceTree = "<group>"; };
/* End PBXFileReference section */

/* Begin PBXFrameworksBuildPhase section */
		0E39CD9322A57E8900475249 /* Frameworks */ = {
			isa = PBXFrameworksBuildPhase;
			buildActionMask = 2147483647;
			files = (
			);
			runOnlyForDeploymentPostprocessing = 0;
		};
		0E39CDA722A58A1300475249 /* Frameworks */ = {
			isa = PBXFrameworksBuildPhase;
			buildActionMask = 2147483647;
			files = (
			);
			runOnlyForDeploymentPostprocessing = 0;
		};
/* End PBXFrameworksBuildPhase section */

/* Begin PBXGroup section */
		0E39CD8D22A57E8900475249 = {
			isa = PBXGroup;
			children = (
				0E39CD9822A57E8900475249 /* CS09 */,
				0E39CDAB22A58A1300475249 /* CS02Tests */,
				0E39CD9722A57E8900475249 /* Products */,
			);
			sourceTree = "<group>";
		};
		0E39CD9722A57E8900475249 /* Products */ = {
			isa = PBXGroup;
			children = (
				0E39CD9622A57E8900475249 /* CS09 */,
				0E39CDAA22A58A1300475249 /* CS02Tests.xctest */,
			);
			name = Products;
			sourceTree = "<group>";
		};
		0E39CD9822A57E8900475249 /* CS09 */ = {
			isa = PBXGroup;
			children = (
				0E39CDB722A58BBA00475249 /* Struct */,
				0E39CDA322A5898C00475249 /* Class */,
				0E39CDA022A5869100475249 /* Protocol */,
				0E39CD9922A57E8900475249 /* main.swift */,
			);
			path = CS09;
			sourceTree = "<group>";
		};
		0E39CDA022A5869100475249 /* Protocol */ = {
			isa = PBXGroup;
			children = (
				0E39CDA122A5869E00475249 /* Map.swift */,
			);
			path = Protocol;
			sourceTree = "<group>";
		};
		0E39CDA322A5898C00475249 /* Class */ = {
			isa = PBXGroup;
			children = (
				0E39CDA422A5899700475249 /* HashMap.swift */,
			);
			path = Class;
			sourceTree = "<group>";
		};
		0E39CDAB22A58A1300475249 /* CS02Tests */ = {
			isa = PBXGroup;
			children = (
				0E39CDAC22A58A1300475249 /* HashMapTests.swift */,
				0E39CDAE22A58A1300475249 /* Info.plist */,
			);
			path = CS02Tests;
			sourceTree = "<group>";
		};
		0E39CDB722A58BBA00475249 /* Struct */ = {
			isa = PBXGroup;
			children = (
				0E39CDB422A58B5400475249 /* Person.swift */,
				0E39CDB822A58BDF00475249 /* Country.swift */,
			);
			path = Struct;
			sourceTree = "<group>";
		};
/* End PBXGroup section */

/* Begin PBXNativeTarget section */
		0E39CD9522A57E8900475249 /* CS09 */ = {
			isa = PBXNativeTarget;
			buildConfigurationList = 0E39CD9D22A57E8900475249 /* Build configuration list for PBXNativeTarget "CS09" */;
			buildPhases = (
				0E39CD9222A57E8900475249 /* Sources */,
				0E39CD9322A57E8900475249 /* Frameworks */,
				0E39CD9422A57E8900475249 /* CopyFiles */,
			);
			buildRules = (
			);
			dependencies = (
			);
			name = CS09;
			productName = CS09;
			productReference = 0E39CD9622A57E8900475249 /* CS09 */;
			productType = "com.apple.product-type.tool";
		};
		0E39CDA922A58A1300475249 /* CS02Tests */ = {
			isa = PBXNativeTarget;
			buildConfigurationList = 0E39CDAF22A58A1300475249 /* Build configuration list for PBXNativeTarget "CS02Tests" */;
			buildPhases = (
				0E39CDA622A58A1300475249 /* Sources */,
				0E39CDA722A58A1300475249 /* Frameworks */,
				0E39CDA822A58A1300475249 /* Resources */,
			);
			buildRules = (
			);
			dependencies = (
			);
			name = CS02Tests;
			productName = CS02Tests;
			productReference = 0E39CDAA22A58A1300475249 /* CS02Tests.xctest */;
			productType = "com.apple.product-type.bundle.unit-test";
		};
/* End PBXNativeTarget section */

/* Begin PBXProject section */
		0E39CD8E22A57E8900475249 /* Project object */ = {
			isa = PBXProject;
			attributes = {
				LastSwiftUpdateCheck = 1020;
				LastUpgradeCheck = 1020;
				ORGANIZATIONNAME = "부엉이";
				TargetAttributes = {
					0E39CD9522A57E8900475249 = {
						CreatedOnToolsVersion = 10.2.1;
					};
					0E39CDA922A58A1300475249 = {
						CreatedOnToolsVersion = 10.2.1;
					};
				};
			};
			buildConfigurationList = 0E39CD9122A57E8900475249 /* Build configuration list for PBXProject "CS09" */;
			compatibilityVersion = "Xcode 9.3";
			developmentRegion = en;
			hasScannedForEncodings = 0;
			knownRegions = (
				en,
			);
			mainGroup = 0E39CD8D22A57E8900475249;
			productRefGroup = 0E39CD9722A57E8900475249 /* Products */;
			projectDirPath = "";
			projectRoot = "";
			targets = (
				0E39CD9522A57E8900475249 /* CS09 */,
				0E39CDA922A58A1300475249 /* CS02Tests */,
			);
		};
/* End PBXProject section */

/* Begin PBXResourcesBuildPhase section */
		0E39CDA822A58A1300475249 /* Resources */ = {
			isa = PBXResourcesBuildPhase;
			buildActionMask = 2147483647;
			files = (
			);
			runOnlyForDeploymentPostprocessing = 0;
		};
/* End PBXResourcesBuildPhase section */

/* Begin PBXSourcesBuildPhase section */
		0E39CD9222A57E8900475249 /* Sources */ = {
			isa = PBXSourcesBuildPhase;
			buildActionMask = 2147483647;
			files = (
				0E39CDB922A58BDF00475249 /* Country.swift in Sources */,
				0E39CDA222A5869E00475249 /* Map.swift in Sources */,
				0E39CD9A22A57E8900475249 /* main.swift in Sources */,
				0E39CDB522A58B5400475249 /* Person.swift in Sources */,
				0E39CDA522A5899700475249 /* HashMap.swift in Sources */,
			);
			runOnlyForDeploymentPostprocessing = 0;
		};
		0E39CDA622A58A1300475249 /* Sources */ = {
			isa = PBXSourcesBuildPhase;
			buildActionMask = 2147483647;
			files = (
				0E39CDB222A58A2E00475249 /* HashMap.swift in Sources */,
				0E39CDB322A58A3200475249 /* Map.swift in Sources */,
				0E39CDB622A58BAE00475249 /* Person.swift in Sources */,
				0E39CDBA22A58C8600475249 /* Country.swift in Sources */,
				0E39CDAD22A58A1300475249 /* HashMapTests.swift in Sources */,
			);
			runOnlyForDeploymentPostprocessing = 0;
		};
/* End PBXSourcesBuildPhase section */

/* Begin XCBuildConfiguration section */
		0E39CD9B22A57E8900475249 /* Debug */ = {
			isa = XCBuildConfiguration;
			buildSettings = {
				ALWAYS_SEARCH_USER_PATHS = NO;
				CLANG_ANALYZER_NONNULL = YES;
				CLANG_ANALYZER_NUMBER_OBJECT_CONVERSION = YES_AGGRESSIVE;
				CLANG_CXX_LANGUAGE_STANDARD = "gnu++14";
				CLANG_CXX_LIBRARY = "libc++";
				CLANG_ENABLE_MODULES = YES;
				CLANG_ENABLE_OBJC_ARC = YES;
				CLANG_ENABLE_OBJC_WEAK = YES;
				CLANG_WARN_BLOCK_CAPTURE_AUTORELEASING = YES;
				CLANG_WARN_BOOL_CONVERSION = YES;
				CLANG_WARN_COMMA = YES;
				CLANG_WARN_CONSTANT_CONVERSION = YES;
				CLANG_WARN_DEPRECATED_OBJC_IMPLEMENTATIONS = YES;
				CLANG_WARN_DIRECT_OBJC_ISA_USAGE = YES_ERROR;
				CLANG_WARN_DOCUMENTATION_COMMENTS = YES;
				CLANG_WARN_EMPTY_BODY = YES;
				CLANG_WARN_ENUM_CONVERSION = YES;
				CLANG_WARN_INFINITE_RECURSION = YES;
				CLANG_WARN_INT_CONVERSION = YES;
				CLANG_WARN_NON_LITERAL_NULL_CONVERSION = YES;
				CLANG_WARN_OBJC_IMPLICIT_RETAIN_SELF = YES;
				CLANG_WARN_OBJC_LITERAL_CONVERSION = YES;
				CLANG_WARN_OBJC_ROOT_CLASS = YES_ERROR;
				CLANG_WARN_RANGE_LOOP_ANALYSIS = YES;
				CLANG_WARN_STRICT_PROTOTYPES = YES;
				CLANG_WARN_SUSPICIOUS_MOVE = YES;
				CLANG_WARN_UNGUARDED_AVAILABILITY = YES_AGGRESSIVE;
				CLANG_WARN_UNREACHABLE_CODE = YES;
				CLANG_WARN__DUPLICATE_METHOD_MATCH = YES;
				CODE_SIGN_IDENTITY = "Mac Developer";
				COPY_PHASE_STRIP = NO;
				DEBUG_INFORMATION_FORMAT = dwarf;
				ENABLE_STRICT_OBJC_MSGSEND = YES;
				ENABLE_TESTABILITY = YES;
				GCC_C_LANGUAGE_STANDARD = gnu11;
				GCC_DYNAMIC_NO_PIC = NO;
				GCC_NO_COMMON_BLOCKS = YES;
				GCC_OPTIMIZATION_LEVEL = 0;
				GCC_PREPROCESSOR_DEFINITIONS = (
					"DEBUG=1",
					"$(inherited)",
				);
				GCC_WARN_64_TO_32_BIT_CONVERSION = YES;
				GCC_WARN_ABOUT_RETURN_TYPE = YES_ERROR;
				GCC_WARN_UNDECLARED_SELECTOR = YES;
				GCC_WARN_UNINITIALIZED_AUTOS = YES_AGGRESSIVE;
				GCC_WARN_UNUSED_FUNCTION = YES;
				GCC_WARN_UNUSED_VARIABLE = YES;
				MACOSX_DEPLOYMENT_TARGET = 10.14;
				MTL_ENABLE_DEBUG_INFO = INCLUDE_SOURCE;
				MTL_FAST_MATH = YES;
				ONLY_ACTIVE_ARCH = YES;
				SDKROOT = macosx;
				SWIFT_ACTIVE_COMPILATION_CONDITIONS = DEBUG;
				SWIFT_OPTIMIZATION_LEVEL = "-Onone";
			};
			name = Debug;
		};
		0E39CD9C22A57E8900475249 /* Release */ = {
			isa = XCBuildConfiguration;
			buildSettings = {
				ALWAYS_SEARCH_USER_PATHS = NO;
				CLANG_ANALYZER_NONNULL = YES;
				CLANG_ANALYZER_NUMBER_OBJECT_CONVERSION = YES_AGGRESSIVE;
				CLANG_CXX_LANGUAGE_STANDARD = "gnu++14";
				CLANG_CXX_LIBRARY = "libc++";
				CLANG_ENABLE_MODULES = YES;
				CLANG_ENABLE_OBJC_ARC = YES;
				CLANG_ENABLE_OBJC_WEAK = YES;
				CLANG_WARN_BLOCK_CAPTURE_AUTORELEASING = YES;
				CLANG_WARN_BOOL_CONVERSION = YES;
				CLANG_WARN_COMMA = YES;
				CLANG_WARN_CONSTANT_CONVERSION = YES;
				CLANG_WARN_DEPRECATED_OBJC_IMPLEMENTATIONS = YES;
				CLANG_WARN_DIRECT_OBJC_ISA_USAGE = YES_ERROR;
				CLANG_WARN_DOCUMENTATION_COMMENTS = YES;
				CLANG_WARN_EMPTY_BODY = YES;
				CLANG_WARN_ENUM_CONVERSION = YES;
				CLANG_WARN_INFINITE_RECURSION = YES;
				CLANG_WARN_INT_CONVERSION = YES;
				CLANG_WARN_NON_LITERAL_NULL_CONVERSION = YES;
				CLANG_WARN_OBJC_IMPLICIT_RETAIN_SELF = YES;
				CLANG_WARN_OBJC_LITERAL_CONVERSION = YES;
				CLANG_WARN_OBJC_ROOT_CLASS = YES_ERROR;
				CLANG_WARN_RANGE_LOOP_ANALYSIS = YES;
				CLANG_WARN_STRICT_PROTOTYPES = YES;
				CLANG_WARN_SUSPICIOUS_MOVE = YES;
				CLANG_WARN_UNGUARDED_AVAILABILITY = YES_AGGRESSIVE;
				CLANG_WARN_UNREACHABLE_CODE = YES;
				CLANG_WARN__DUPLICATE_METHOD_MATCH = YES;
				CODE_SIGN_IDENTITY = "Mac Developer";
				COPY_PHASE_STRIP = NO;
				DEBUG_INFORMATION_FORMAT = "dwarf-with-dsym";
				ENABLE_NS_ASSERTIONS = NO;
				ENABLE_STRICT_OBJC_MSGSEND = YES;
				GCC_C_LANGUAGE_STANDARD = gnu11;
				GCC_NO_COMMON_BLOCKS = YES;
				GCC_WARN_64_TO_32_BIT_CONVERSION = YES;
				GCC_WARN_ABOUT_RETURN_TYPE = YES_ERROR;
				GCC_WARN_UNDECLARED_SELECTOR = YES;
				GCC_WARN_UNINITIALIZED_AUTOS = YES_AGGRESSIVE;
				GCC_WARN_UNUSED_FUNCTION = YES;
				GCC_WARN_UNUSED_VARIABLE = YES;
				MACOSX_DEPLOYMENT_TARGET = 10.14;
				MTL_ENABLE_DEBUG_INFO = NO;
				MTL_FAST_MATH = YES;
				SDKROOT = macosx;
				SWIFT_COMPILATION_MODE = wholemodule;
				SWIFT_OPTIMIZATION_LEVEL = "-O";
			};
			name = Release;
		};
		0E39CD9E22A57E8900475249 /* Debug */ = {
			isa = XCBuildConfiguration;
			buildSettings = {
				CODE_SIGN_STYLE = Automatic;
				DEVELOPMENT_TEAM = 8BQHKQSA4Y;
				PRODUCT_NAME = "$(TARGET_NAME)";
				SWIFT_VERSION = 5.0;
			};
			name = Debug;
		};
		0E39CD9F22A57E8900475249 /* Release */ = {
			isa = XCBuildConfiguration;
			buildSettings = {
				CODE_SIGN_STYLE = Automatic;
				DEVELOPMENT_TEAM = 8BQHKQSA4Y;
				PRODUCT_NAME = "$(TARGET_NAME)";
				SWIFT_VERSION = 5.0;
			};
			name = Release;
		};
		0E39CDB022A58A1300475249 /* Debug */ = {
			isa = XCBuildConfiguration;
			buildSettings = {
				CODE_SIGN_STYLE = Automatic;
				COMBINE_HIDPI_IMAGES = YES;
				DEVELOPMENT_TEAM = 8BQHKQSA4Y;
				INFOPLIST_FILE = CS02Tests/Info.plist;
				LD_RUNPATH_SEARCH_PATHS = (
					"$(inherited)",
					"@executable_path/../Frameworks",
					"@loader_path/../Frameworks",
				);
				PRODUCT_BUNDLE_IDENTIFIER = developer.OOwl.CS02Tests;
				PRODUCT_NAME = "$(TARGET_NAME)";
				SWIFT_VERSION = 5.0;
			};
			name = Debug;
		};
		0E39CDB122A58A1300475249 /* Release */ = {
			isa = XCBuildConfiguration;
			buildSettings = {
				CODE_SIGN_STYLE = Automatic;
				COMBINE_HIDPI_IMAGES = YES;
				DEVELOPMENT_TEAM = 8BQHKQSA4Y;
				INFOPLIST_FILE = CS02Tests/Info.plist;
				LD_RUNPATH_SEARCH_PATHS = (
					"$(inherited)",
					"@executable_path/../Frameworks",
					"@loader_path/../Frameworks",
				);
				PRODUCT_BUNDLE_IDENTIFIER = developer.OOwl.CS02Tests;
				PRODUCT_NAME = "$(TARGET_NAME)";
				SWIFT_VERSION = 5.0;
			};
			name = Release;
		};
/* End XCBuildConfiguration section */

/* Begin XCConfigurationList section */
		0E39CD9122A57E8900475249 /* Build configuration list for PBXProject "CS09" */ = {
			isa = XCConfigurationList;
			buildConfigurations = (
				0E39CD9B22A57E8900475249 /* Debug */,
				0E39CD9C22A57E8900475249 /* Release */,
			);
			defaultConfigurationIsVisible = 0;
			defaultConfigurationName = Release;
		};
		0E39CD9D22A57E8900475249 /* Build configuration list for PBXNativeTarget "CS09" */ = {
			isa = XCConfigurationList;
			buildConfigurations = (
				0E39CD9E22A57E8900475249 /* Debug */,
				0E39CD9F22A57E8900475249 /* Release */,
			);
			defaultConfigurationIsVisible = 0;
			defaultConfigurationName = Release;
		};
		0E39CDAF22A58A1300475249 /* Build configuration list for PBXNativeTarget "CS02Tests" */ = {
			isa = XCConfigurationList;
			buildConfigurations = (
				0E39CDB022A58A1300475249 /* Debug */,
				0E39CDB122A58A1300475249 /* Release */,
			);
			defaultConfigurationIsVisible = 0;
			defaultConfigurationName = Release;
		};
/* End XCConfigurationList section */
	};
	rootObject = 0E39CD8E22A57E8900475249 /* Project object */;
}
